
Microsoft Visual Studio Solution File, Format Version 12.00
# Visual Studio Version 16
VisualStudioVersion = 16.0.30804.86
MinimumVisualStudioVersion = 10.0.40219.1
Project("{2150E333-8FDC-42A3-9474-1A3956D46DE8}") = "Infraestructure", "Infraestructure", "{12F5A4EF-E8E8-4BB4-B142-74EEB56FD855}"
EndProject
Project("{2150E333-8FDC-42A3-9474-1A3956D46DE8}") = "Domain", "Domain", "{7AC75E60-2183-4CD0-9B4E-F1B64EB1BD94}"
EndProject
Project("{2150E333-8FDC-42A3-9474-1A3956D46DE8}") = "Application", "Application", "{7F855BC1-C9D4-46C7-989C-10C4F7A80D55}"
EndProject
Project("{2150E333-8FDC-42A3-9474-1A3956D46DE8}") = "Transversal", "Transversal", "{2BBDB80F-9B1E-4313-80B6-8361AB350A19}"
EndProject
Project("{9A19103F-16F7-4668-BE54-9A1E7A4F7556}") = "Infraestructure.Data", "Infraestructure.Data\Infraestructure.Data.csproj", "{E9B2C663-6DCA-490B-96F4-F240B0F90BA0}"
EndProject
Project("{9A19103F-16F7-4668-BE54-9A1E7A4F7556}") = "Infraestructure.Interface", "Infraestructure.Interface\Infraestructure.Interface.csproj", "{A3385992-B397-488C-AE29-F19F86C39E81}"
EndProject
Project("{9A19103F-16F7-4668-BE54-9A1E7A4F7556}") = "Infraestructure.Repository", "Infraestructure.Repository\Infraestructure.Repository.csproj", "{9C21D1C8-40A8-4FE7-878F-209085BFB053}"
EndProject
Project("{9A19103F-16F7-4668-BE54-9A1E7A4F7556}") = "Domain.Core", "Domain.Core\Domain.Core.csproj", "{6F24A959-4548-4008-B703-034EFF57A1C2}"
EndProject
Project("{9A19103F-16F7-4668-BE54-9A1E7A4F7556}") = "Domain.Entity", "Domain.Entity\Domain.Entity.csproj", "{E177167B-E073-4985-8EB8-D77C771FFE75}"
EndProject
Project("{9A19103F-16F7-4668-BE54-9A1E7A4F7556}") = "Domain.Interface", "Domain.Interface\Domain.Interface.csproj", "{CC87F393-1F39-4249-AE61-902A491F41B4}"
EndProject
Project("{9A19103F-16F7-4668-BE54-9A1E7A4F7556}") = "Application.DTO", "Application.DTO\Application.DTO.csproj", "{90799246-2A3E-4793-A3F8-8D3A6070403B}"
EndProject
Project("{9A19103F-16F7-4668-BE54-9A1E7A4F7556}") = "Application.Interface", "Application.Interface\Application.Interface.csproj", "{FF505CE2-F9F9-466C-AC3D-80888B513E5C}"
EndProject
Project("{9A19103F-16F7-4668-BE54-9A1E7A4F7556}") = "Application.Main", "Application.Main\Application.Main.csproj", "{EE4D6126-E7BA-4258-881E-AA5324274799}"
EndProject
Project("{9A19103F-16F7-4668-BE54-9A1E7A4F7556}") = "Common", "Common\Common.csproj", "{870E6F18-CFEC-4C6F-98BC-2402C8B0CA67}"
EndProject
Project("{9A19103F-16F7-4668-BE54-9A1E7A4F7556}") = "Logging", "Logging\Logging.csproj", "{42C159D4-7919-43A7-9818-B0FE801BAB09}"
EndProject
Project("{9A19103F-16F7-4668-BE54-9A1E7A4F7556}") = "Mapper", "Mapper\Mapper.csproj", "{7987647B-3FAF-46B9-92D2-DC867EB29413}"
EndProject
Project("{9A19103F-16F7-4668-BE54-9A1E7A4F7556}") = "ApiRest", "ApiRest\ApiRest.csproj", "{810F8816-ACB2-4E17-97D0-69BD7939418F}"
EndProject
Project("{2150E333-8FDC-42A3-9474-1A3956D46DE8}") = "Testing", "Testing", "{C1A1F6C9-0ED8-451E-8777-540ACF2B80E7}"
EndProject
Project("{FAE04EC0-301F-11D3-BF4B-00C04F79EFBC}") = "Api.Testing", "Api.Testing\Api.Testing.csproj", "{2F48E8B9-7B4F-47F4-9A2F-DE27787AEFA8}"
EndProject
Global
	GlobalSection(SolutionConfigurationPlatforms) = preSolution
		Debug|Any CPU = Debug|Any CPU
		Release|Any CPU = Release|Any CPU
	EndGlobalSection
	GlobalSection(ProjectConfigurationPlatforms) = postSolution
		{E9B2C663-6DCA-490B-96F4-F240B0F90BA0}.Debug|Any CPU.ActiveCfg = Debug|Any CPU
		{E9B2C663-6DCA-490B-96F4-F240B0F90BA0}.Debug|Any CPU.Build.0 = Debug|Any CPU
		{E9B2C663-6DCA-490B-96F4-F240B0F90BA0}.Release|Any CPU.ActiveCfg = Release|Any CPU
		{E9B2C663-6DCA-490B-96F4-F240B0F90BA0}.Release|Any CPU.Build.0 = Release|Any CPU
		{A3385992-B397-488C-AE29-F19F86C39E81}.Debug|Any CPU.ActiveCfg = Debug|Any CPU
		{A3385992-B397-488C-AE29-F19F86C39E81}.Debug|Any CPU.Build.0 = Debug|Any CPU
		{A3385992-B397-488C-AE29-F19F86C39E81}.Release|Any CPU.ActiveCfg = Release|Any CPU
		{A3385992-B397-488C-AE29-F19F86C39E81}.Release|Any CPU.Build.0 = Release|Any CPU
		{9C21D1C8-40A8-4FE7-878F-209085BFB053}.Debug|Any CPU.ActiveCfg = Debug|Any CPU
		{9C21D1C8-40A8-4FE7-878F-209085BFB053}.Debug|Any CPU.Build.0 = Debug|Any CPU
		{9C21D1C8-40A8-4FE7-878F-209085BFB053}.Release|Any CPU.ActiveCfg = Release|Any CPU
		{9C21D1C8-40A8-4FE7-878F-209085BFB053}.Release|Any CPU.Build.0 = Release|Any CPU
		{6F24A959-4548-4008-B703-034EFF57A1C2}.Debug|Any CPU.ActiveCfg = Debug|Any CPU
		{6F24A959-4548-4008-B703-034EFF57A1C2}.Debug|Any CPU.Build.0 = Debug|Any CPU
		{6F24A959-4548-4008-B703-034EFF57A1C2}.Release|Any CPU.ActiveCfg = Release|Any CPU
		{6F24A959-4548-4008-B703-034EFF57A1C2}.Release|Any CPU.Build.0 = Release|Any CPU
		{E177167B-E073-4985-8EB8-D77C771FFE75}.Debug|Any CPU.ActiveCfg = Debug|Any CPU
		{E177167B-E073-4985-8EB8-D77C771FFE75}.Debug|Any CPU.Build.0 = Debug|Any CPU
		{E177167B-E073-4985-8EB8-D77C771FFE75}.Release|Any CPU.ActiveCfg = Release|Any CPU
		{E177167B-E073-4985-8EB8-D77C771FFE75}.Release|Any CPU.Build.0 = Release|Any CPU
		{CC87F393-1F39-4249-AE61-902A491F41B4}.Debug|Any CPU.ActiveCfg = Debug|Any CPU
		{CC87F393-1F39-4249-AE61-902A491F41B4}.Debug|Any CPU.Build.0 = Debug|Any CPU
		{CC87F393-1F39-4249-AE61-902A491F41B4}.Release|Any CPU.ActiveCfg = Release|Any CPU
		{CC87F393-1F39-4249-AE61-902A491F41B4}.Release|Any CPU.Build.0 = Release|Any CPU
		{90799246-2A3E-4793-A3F8-8D3A6070403B}.Debug|Any CPU.ActiveCfg = Debug|Any CPU
		{90799246-2A3E-4793-A3F8-8D3A6070403B}.Debug|Any CPU.Build.0 = Debug|Any CPU
		{90799246-2A3E-4793-A3F8-8D3A6070403B}.Release|Any CPU.ActiveCfg = Release|Any CPU
		{90799246-2A3E-4793-A3F8-8D3A6070403B}.Release|Any CPU.Build.0 = Release|Any CPU
		{FF505CE2-F9F9-466C-AC3D-80888B513E5C}.Debug|Any CPU.ActiveCfg = Debug|Any CPU
		{FF505CE2-F9F9-466C-AC3D-80888B513E5C}.Debug|Any CPU.Build.0 = Debug|Any CPU
		{FF505CE2-F9F9-466C-AC3D-80888B513E5C}.Release|Any CPU.ActiveCfg = Release|Any CPU
		{FF505CE2-F9F9-466C-AC3D-80888B513E5C}.Release|Any CPU.Build.0 = Release|Any CPU
		{EE4D6126-E7BA-4258-881E-AA5324274799}.Debug|Any CPU.ActiveCfg = Debug|Any CPU
		{EE4D6126-E7BA-4258-881E-AA5324274799}.Debug|Any CPU.Build.0 = Debug|Any CPU
		{EE4D6126-E7BA-4258-881E-AA5324274799}.Release|Any CPU.ActiveCfg = Release|Any CPU
		{EE4D6126-E7BA-4258-881E-AA5324274799}.Release|Any CPU.Build.0 = Release|Any CPU
		{870E6F18-CFEC-4C6F-98BC-2402C8B0CA67}.Debug|Any CPU.ActiveCfg = Debug|Any CPU
		{870E6F18-CFEC-4C6F-98BC-2402C8B0CA67}.Debug|Any CPU.Build.0 = Debug|Any CPU
		{870E6F18-CFEC-4C6F-98BC-2402C8B0CA67}.Release|Any CPU.ActiveCfg = Release|Any CPU
		{870E6F18-CFEC-4C6F-98BC-2402C8B0CA67}.Release|Any CPU.Build.0 = Release|Any CPU
		{42C159D4-7919-43A7-9818-B0FE801BAB09}.Debug|Any CPU.ActiveCfg = Debug|Any CPU
		{42C159D4-7919-43A7-9818-B0FE801BAB09}.Debug|Any CPU.Build.0 = Debug|Any CPU
		{42C159D4-7919-43A7-9818-B0FE801BAB09}.Release|Any CPU.ActiveCfg = Release|Any CPU
		{42C159D4-7919-43A7-9818-B0FE801BAB09}.Release|Any CPU.Build.0 = Release|Any CPU
		{7987647B-3FAF-46B9-92D2-DC867EB29413}.Debug|Any CPU.ActiveCfg = Debug|Any CPU
		{7987647B-3FAF-46B9-92D2-DC867EB29413}.Debug|Any CPU.Build.0 = Debug|Any CPU
		{7987647B-3FAF-46B9-92D2-DC867EB29413}.Release|Any CPU.ActiveCfg = Release|Any CPU
		{7987647B-3FAF-46B9-92D2-DC867EB29413}.Release|Any CPU.Build.0 = Release|Any CPU
		{810F8816-ACB2-4E17-97D0-69BD7939418F}.Debug|Any CPU.ActiveCfg = Debug|Any CPU
		{810F8816-ACB2-4E17-97D0-69BD7939418F}.Debug|Any CPU.Build.0 = Debug|Any CPU
		{810F8816-ACB2-4E17-97D0-69BD7939418F}.Release|Any CPU.ActiveCfg = Release|Any CPU
		{810F8816-ACB2-4E17-97D0-69BD7939418F}.Release|Any CPU.Build.0 = Release|Any CPU
		{2F48E8B9-7B4F-47F4-9A2F-DE27787AEFA8}.Debug|Any CPU.ActiveCfg = Debug|Any CPU
		{2F48E8B9-7B4F-47F4-9A2F-DE27787AEFA8}.Debug|Any CPU.Build.0 = Debug|Any CPU
		{2F48E8B9-7B4F-47F4-9A2F-DE27787AEFA8}.Release|Any CPU.ActiveCfg = Release|Any CPU
		{2F48E8B9-7B4F-47F4-9A2F-DE27787AEFA8}.Release|Any CPU.Build.0 = Release|Any CPU
	EndGlobalSection
	GlobalSection(SolutionProperties) = preSolution
		HideSolutionNode = FALSE
	EndGlobalSection
	GlobalSection(NestedProjects) = preSolution
		{E9B2C663-6DCA-490B-96F4-F240B0F90BA0} = {12F5A4EF-E8E8-4BB4-B142-74EEB56FD855}
		{A3385992-B397-488C-AE29-F19F86C39E81} = {12F5A4EF-E8E8-4BB4-B142-74EEB56FD855}
		{9C21D1C8-40A8-4FE7-878F-209085BFB053} = {12F5A4EF-E8E8-4BB4-B142-74EEB56FD855}
		{6F24A959-4548-4008-B703-034EFF57A1C2} = {7AC75E60-2183-4CD0-9B4E-F1B64EB1BD94}
		{E177167B-E073-4985-8EB8-D77C771FFE75} = {7AC75E60-2183-4CD0-9B4E-F1B64EB1BD94}
		{CC87F393-1F39-4249-AE61-902A491F41B4} = {7AC75E60-2183-4CD0-9B4E-F1B64EB1BD94}
		{90799246-2A3E-4793-A3F8-8D3A6070403B} = {7F855BC1-C9D4-46C7-989C-10C4F7A80D55}
		{FF505CE2-F9F9-466C-AC3D-80888B513E5C} = {7F855BC1-C9D4-46C7-989C-10C4F7A80D55}
		{EE4D6126-E7BA-4258-881E-AA5324274799} = {7F855BC1-C9D4-46C7-989C-10C4F7A80D55}
		{870E6F18-CFEC-4C6F-98BC-2402C8B0CA67} = {2BBDB80F-9B1E-4313-80B6-8361AB350A19}
		{42C159D4-7919-43A7-9818-B0FE801BAB09} = {2BBDB80F-9B1E-4313-80B6-8361AB350A19}
		{7987647B-3FAF-46B9-92D2-DC867EB29413} = {2BBDB80F-9B1E-4313-80B6-8361AB350A19}
		{2F48E8B9-7B4F-47F4-9A2F-DE27787AEFA8} = {C1A1F6C9-0ED8-451E-8777-540ACF2B80E7}
	EndGlobalSection
	GlobalSection(ExtensibilityGlobals) = postSolution
		SolutionGuid = {A5AE04CE-4EC5-4771-AF97-E9C80132F840}
	EndGlobalSection
EndGlobal
